
Microsoft Visual Studio Solution File, Format Version 11.00
# Visual Studio 2010
Project("{FAE04EC0-301F-11D3-BF4B-00C04F79EFBC}") = "Atomia.Provisioning.Modules.Haproxy", "Atomia.Provisioning.Modules.Haproxy.csproj", "{D616C37D-F9B5-4CFE-8497-BBFE458467D8}"
EndProject
Global
	GlobalSection(SolutionConfigurationPlatforms) = preSolution
		Debug|Any CPU = Debug|Any CPU
		Release|Any CPU = Release|Any CPU
	EndGlobalSection
	GlobalSection(ProjectConfigurationPlatforms) = postSolution
		{D616C37D-F9B5-4CFE-8497-BBFE458467D8}.Debug|Any CPU.ActiveCfg = Debug|Any CPU
		{D616C37D-F9B5-4CFE-8497-BBFE458467D8}.Debug|Any CPU.Build.0 = Debug|Any CPU
		{D616C37D-F9B5-4CFE-8497-BBFE458467D8}.Release|Any CPU.ActiveCfg = Release|Any CPU
		{D616C37D-F9B5-4CFE-8497-BBFE458467D8}.Release|Any CPU.Build.0 = Release|Any CPU
	EndGlobalSection
	GlobalSection(SolutionProperties) = preSolution
		HideSolutionNode = FALSE
	EndGlobalSection
EndGlobal
